NeoBundleLock The-NERD-tree af65bd23e69a3a5fc1a39eb47733191b7110bb1e
NeoBundleLock The-NERD-Commenter 49ad4597dd8ed8ecb210ba9cbc9f42a5f47adb35
NeoBundleLock webapi-vim 99e11199838ccbeb7213cbc30698200170d355c9
NeoBundleLock vim-javascript-syntax c4b467d1d8c1883f317fb32d22fdd739a10a4579
NeoBundleLock Gist.vim 7f279e51590494a9b6af1180770e0b5f46d3a13b
NeoBundleLock unite-locate 2f656108991573c77847f64047d742344c961ff8
NeoBundleLock unite.vim b04e14958d0d7276dcb363f613a4ad331b4c4fc9
NeoBundleLock dbext.vim d44fd5cca10c466c0eb3d6f7b18c4b13f5bf24d7
NeoBundleLock fugitive.vim f55b1feda7e26ce4ee8867c7776a0102843f13b2
NeoBundleLock vim-surround fa433e0b7330753688f715f3be5d10dc480f20e5
NeoBundleLock vimproc 3e055023dfab4f5a4dfa05a834f9d0cb7294a82e
NeoBundleLock cake.vim 4b610a2a22921eb2304dc2c20fdc2760c7bbd3c9
NeoBundleLock unite-advent_calendar 4beff4a0d2badfeaa99d93f458bcb10029dad431
NeoBundleLock ref.vim 1245567f6c12600767e417190c57c43b4207de62
NeoBundleLock vim-localrc e2cc8a661bb3f3215fddf58549913c5115f585bd
NeoBundleLock vim-colors-solarized 528a59f26d12278698bb946f8fb82a63711eec21
NeoBundleLock vim-quickrun ae97cef42ae142306e9431dce9ab97c4353e5254
NeoBundleLock neocomplcache 237442924ac366015e6e0a8a13a31ac37be0c696
NeoBundleLock TwitVim e8409b3452949a162879926b5e7af840a674c9f8
NeoBundleLock neobundle.vim 816d21d99a071cc86ba2ffbb4679dde3b764bed7
NeoBundleLock hatena-vim 5ae3f731be59ab13ae1c70c2ab1c7f88ab2c1bdb
NeoBundleLock ZenCoding.vim ea4e102fda5d9e5d365383e96b2fc735a4ee4c3d
